// !$*UTF8*$!
{
	archiveVersion = 1;
	classes = {
	};
	objectVersion = 47;
	objects = {

/* Begin PBXBuildFile section */
		AB5CA7621D2703E00025C59E /* AppDelegate.swift in Sources */ = {isa = PBXBuildFile; fileRef = AB5CA7611D2703E00025C59E /* AppDelegate.swift */; };
		AB5CA7641D2703E00025C59E /* ViewController.swift in Sources */ = {isa = PBXBuildFile; fileRef = AB5CA7631D2703E00025C59E /* ViewController.swift */; };
		AB5CA7691D2703E00025C59E /* Assets.xcassets in Resources */ = {isa = PBXBuildFile; fileRef = AB5CA7681D2703E00025C59E /* Assets.xcassets */; };
		ABA8B8DE1D75E7F1002A4F31 /* Main.storyboard in Resources */ = {isa = PBXBuildFile; fileRef = ABA8B8DC1D75E7F1002A4F31 /* Main.storyboard */; };
/* End PBXBuildFile section */

/* Begin PBXFileReference section */
		AB5CA75E1D2703E00025C59E /* CruzyMoviestvOS.app */ = {isa = PBXFileReference; explicitFileType = wrapper.application; includeInIndex = 0; path = CruzyMoviestvOS.app; sourceTree = BUILT_PRODUCTS_DIR; };
		AB5CA7611D2703E00025C59E /* AppDelegate.swift */ = {isa = PBXFileReference; lastKnownFileType = sourcecode.swift; path = AppDelegate.swift; sourceTree = "<group>"; };
		AB5CA7631D2703E00025C59E /* ViewController.swift */ = {isa = PBXFileReference; lastKnownFileType = sourcecode.swift; path = ViewController.swift; sourceTree = "<group>"; };
		AB5CA7681D2703E00025C59E /* Assets.xcassets */ = {isa = PBXFileReference; lastKnownFileType = folder.assetcatalog; path = Assets.xcassets; sourceTree = "<group>"; };
		AB5CA76A1D2703E00025C59E /* Info.plist */ = {isa = PBXFileReference; lastKnownFileType = text.plist.xml; path = Info.plist; sourceTree = "<group>"; };
		ABA8B8DD1D75E7F1002A4F31 /* Base */ = {isa = PBXFileReference; lastKnownFileType = file.storyboard; name = Base; path = Base.lproj/Main.storyboard; sourceTree = "<group>"; };
/* End PBXFileReference section */

/* Begin PBXFrameworksBuildPhase section */
		AB5CA75B1D2703E00025C59E /* Frameworks */ = {
			isa = PBXFrameworksBuildPhase;
			buildActionMask = 2147483647;
			files = (
			);
			runOnlyForDeploymentPostprocessing = 0;
		};
/* End PBXFrameworksBuildPhase section */

/* Begin PBXGroup section */
		AB5CA7551D2703E00025C59E = {
			isa = PBXGroup;
			children = (
				AB5CA7601D2703E00025C59E /* CruzyMoviestvOS */,
				AB5CA75F1D2703E00025C59E /* Products */,
			);
			sourceTree = "<group>";
		};
		AB5CA75F1D2703E00025C59E /* Products */ = {
			isa = PBXGroup;
			children = (
				AB5CA75E1D2703E00025C59E /* CruzyMoviestvOS.app */,
			);
			name = Products;
			sourceTree = "<group>";
		};
		AB5CA7601D2703E00025C59E /* CruzyMoviestvOS */ = {
			isa = PBXGroup;
			children = (
				AB5CA7611D2703E00025C59E /* AppDelegate.swift */,
				AB5CA7631D2703E00025C59E /* ViewController.swift */,
				ABA8B8DC1D75E7F1002A4F31 /* Main.storyboard */,
				AB5CA7681D2703E00025C59E /* Assets.xcassets */,
				AB5CA76A1D2703E00025C59E /* Info.plist */,
			);
			path = CruzyMoviestvOS;
			sourceTree = "<group>";
		};
/* End PBXGroup section */

/* Begin PBXNativeTarget section */
		AB5CA75D1D2703E00025C59E /* CruzyMoviestvOS */ = {
			isa = PBXNativeTarget;
			buildConfigurationList = AB5CA7831D2703E00025C59E /* Build configuration list for PBXNativeTarget "CruzyMoviestvOS" */;
			buildPhases = (
				AB5CA75A1D2703E00025C59E /* Sources */,
				AB5CA75B1D2703E00025C59E /* Frameworks */,
				AB5CA75C1D2703E00025C59E /* Resources */,
			);
			buildRules = (
			);
			dependencies = (
			);
			name = CruzyMoviestvOS;
			productName = "Cruzy-Movies";
			productReference = AB5CA75E1D2703E00025C59E /* CruzyMoviestvOS.app */;
			productType = "com.apple.product-type.application";
		};
/* End PBXNativeTarget section */

/* Begin PBXProject section */
		AB5CA7561D2703E00025C59E /* Project object */ = {
			isa = PBXProject;
			attributes = {
				LastSwiftUpdateCheck = 0800;
				LastUpgradeCheck = 0800;
				ORGANIZATIONNAME = "Michael Cruz";
				TargetAttributes = {
					AB5CA75D1D2703E00025C59E = {
						CreatedOnToolsVersion = 8.0;
						DevelopmentTeam = NQS57WE77C;
						DevelopmentTeamName = "Michael Cruz";
						ProvisioningStyle = Automatic;
					};
				};
			};
			buildConfigurationList = AB5CA7591D2703E00025C59E /* Build configuration list for PBXProject "CruzyMoviestvOS" */;
			compatibilityVersion = "Xcode 6.3";
			developmentRegion = English;
			hasScannedForEncodings = 0;
			knownRegions = (
				en,
				Base,
			);
			mainGroup = AB5CA7551D2703E00025C59E;
			productRefGroup = AB5CA75F1D2703E00025C59E /* Products */;
			projectDirPath = "";
			projectRoot = "";
			targets = (
				AB5CA75D1D2703E00025C59E /* CruzyMoviestvOS */,
			);
		};
/* End PBXProject section */

/* Begin PBXResourcesBuildPhase section */
		AB5CA75C1D2703E00025C59E /* Resources */ = {
			isa = PBXResourcesBuildPhase;
			buildActionMask = 2147483647;
			files = (
				AB5CA7691D2703E00025C59E /* Assets.xcassets in Resources */,
				ABA8B8DE1D75E7F1002A4F31 /* Main.storyboard in Resources */,
			);
			runOnlyForDeploymentPostprocessing = 0;
		};
/* End PBXResourcesBuildPhase section */

/* Begin PBXSourcesBuildPhase section */
		AB5CA75A1D2703E00025C59E /* Sources */ = {
			isa = PBXSourcesBuildPhase;
			buildActionMask = 2147483647;
			files = (
				AB5CA7641D2703E00025C59E /* ViewController.swift in Sources */,
				AB5CA7621D2703E00025C59E /* AppDelegate.swift in Sources */,
			);
			runOnlyForDeploymentPostprocessing = 0;
		};
/* End PBXSourcesBuildPhase section */

/* Begin PBXVariantGroup section */
		ABA8B8DC1D75E7F1002A4F31 /* Main.storyboard */ = {
			isa = PBXVariantGroup;
			children = (
				ABA8B8DD1D75E7F1002A4F31 /* Base */,
			);
			name = Main.storyboard;
			sourceTree = "<group>";
		};
/* End PBXVariantGroup section */

/* Begin XCBuildConfiguration section */
		AB5CA7811D2703E00025C59E /* Debug */ = {
			isa = XCBuildConfiguration;
			buildSettings = {
				ALWAYS_SEARCH_USER_PATHS = NO;
				CLANG_ANALYZER_NONNULL = YES;
				CLANG_CXX_LANGUAGE_STANDARD = "gnu++0x";
				CLANG_CXX_LIBRARY = "libc++";
				CLANG_ENABLE_MODULES = YES;
				CLANG_ENABLE_OBJC_ARC = YES;
				CLANG_WARN_BOOL_CONVERSION = YES;
				CLANG_WARN_CONSTANT_CONVERSION = YES;
				CLANG_WARN_DIRECT_OBJC_ISA_USAGE = YES_ERROR;
				CLANG_WARN_DOCUMENTATION_COMMENTS = YES;
				CLANG_WARN_EMPTY_BODY = YES;
				CLANG_WARN_ENUM_CONVERSION = YES;
				CLANG_WARN_INT_CONVERSION = YES;
				CLANG_WARN_OBJC_ROOT_CLASS = YES_ERROR;
				CLANG_WARN_UNREACHABLE_CODE = YES;
				CLANG_WARN__DUPLICATE_METHOD_MATCH = YES;
				COPY_PHASE_STRIP = NO;
				DEBUG_INFORMATION_FORMAT = dwarf;
				ENABLE_STRICT_OBJC_MSGSEND = YES;
				ENABLE_TESTABILITY = YES;
				GCC_C_LANGUAGE_STANDARD = gnu99;
				GCC_DYNAMIC_NO_PIC = NO;
				GCC_NO_COMMON_BLOCKS = YES;
				GCC_OPTIMIZATION_LEVEL = 0;
				GCC_PREPROCESSOR_DEFINITIONS = (
					"DEBUG=1",
					"$(inherited)",
				);
				GCC_WARN_64_TO_32_BIT_CONVERSION = YES;
				GCC_WARN_ABOUT_RETURN_TYPE = YES_ERROR;
				GCC_WARN_UNDECLARED_SELECTOR = YES;
				GCC_WARN_UNINITIALIZED_AUTOS = YES_AGGRESSIVE;
				GCC_WARN_UNUSED_FUNCTION = YES;
				GCC_WARN_UNUSED_VARIABLE = YES;
				MTL_ENABLE_DEBUG_INFO = YES;
				ONLY_ACTIVE_ARCH = YES;
				SDKROOT = appletvos;
				SWIFT_ACTIVE_COMPILATION_CONDITIONS = DEBUG;
				SWIFT_OPTIMIZATION_LEVEL = "-Onone";
				TARGETED_DEVICE_FAMILY = 3;
				TVOS_DEPLOYMENT_TARGET = 10.0;
			};
			name = Debug;
		};
		AB5CA7821D2703E00025C59E /* Release */ = {
			isa = XCBuildConfiguration;
			buildSettings = {
				ALWAYS_SEARCH_USER_PATHS = NO;
				CLANG_ANALYZER_NONNULL = YES;
				CLANG_CXX_LANGUAGE_STANDARD = "gnu++0x";
				CLANG_CXX_LIBRARY = "libc++";
				CLANG_ENABLE_MODULES = YES;
				CLANG_ENABLE_OBJC_ARC = YES;
				CLANG_WARN_BOOL_CONVERSION = YES;
				CLANG_WARN_CONSTANT_CONVERSION = YES;
				CLANG_WARN_DIRECT_OBJC_ISA_USAGE = YES_ERROR;
				CLANG_WARN_DOCUMENTATION_COMMENTS = YES;
				CLANG_WARN_EMPTY_BODY = YES;
				CLANG_WARN_ENUM_CONVERSION = YES;
				CLANG_WARN_INT_CONVERSION = YES;
				CLANG_WARN_OBJC_ROOT_CLASS = YES_ERROR;
				CLANG_WARN_UNREACHABLE_CODE = YES;
				CLANG_WARN__DUPLICATE_METHOD_MATCH = YES;
				COPY_PHASE_STRIP = NO;
				DEBUG_INFORMATION_FORMAT = "dwarf-with-dsym";
				ENABLE_NS_ASSERTIONS = NO;
				ENABLE_STRICT_OBJC_MSGSEND = YES;
				GCC_C_LANGUAGE_STANDARD = gnu99;
				GCC_NO_COMMON_BLOCKS = YES;
				GCC_WARN_64_TO_32_BIT_CONVERSION = YES;
				GCC_WARN_ABOUT_RETURN_TYPE = YES_ERROR;
				GCC_WARN_UNDECLARED_SELECTOR = YES;
				GCC_WARN_UNINITIALIZED_AUTOS = YES_AGGRESSIVE;
				GCC_WARN_UNUSED_FUNCTION = YES;
				GCC_WARN_UNUSED_VARIABLE = YES;
				MTL_ENABLE_DEBUG_INFO = NO;
				SDKROOT = appletvos;
				SWIFT_OPTIMIZATION_LEVEL = "-Owholemodule";
				TARGETED_DEVICE_FAMILY = 3;
				TVOS_DEPLOYMENT_TARGET = 10.0;
				VALIDATE_PRODUCT = YES;
			};
			name = Release;
		};
		AB5CA7841D2703E00025C59E /* Debug */ = {
			isa = XCBuildConfiguration;
			buildSettings = {
				ASSETCATALOG_COMPILER_APPICON_NAME = "App Icon & Top Shelf Image";
				ASSETCATALOG_COMPILER_LAUNCHIMAGE_NAME = LaunchImage;
				CODE_SIGN_IDENTITY = "iPhone Developer";
				INFOPLIST_FILE = "$(SRCROOT)/CruzyMoviestvOS/Info.plist";
				LD_RUNPATH_SEARCH_PATHS = "$(inherited) @executable_path/Frameworks";
				PRODUCT_BUNDLE_IDENTIFIER = co.Cruzy.CruzyMoviestvOS;
				PRODUCT_NAME = CruzyMoviestvOS;
				SWIFT_VERSION = 3.0;
				TVOS_DEPLOYMENT_TARGET = 9.2;
			};
			name = Debug;
		};
		AB5CA7851D2703E00025C59E /* Release */ = {
			isa = XCBuildConfiguration;
			buildSettings = {
				ASSETCATALOG_COMPILER_APPICON_NAME = "App Icon & Top Shelf Image";
				ASSETCATALOG_COMPILER_LAUNCHIMAGE_NAME = LaunchImage;
				CODE_SIGN_IDENTITY = "iPhone Developer";
				INFOPLIST_FILE = "$(SRCROOT)/CruzyMoviestvOS/Info.plist";
				LD_RUNPATH_SEARCH_PATHS = "$(inherited) @executable_path/Frameworks";
				PRODUCT_BUNDLE_IDENTIFIER = co.Cruzy.CruzyMoviestvOS;
				PRODUCT_NAME = CruzyMoviestvOS;
				SWIFT_VERSION = 3.0;
				TVOS_DEPLOYMENT_TARGET = 9.2;
			};
			name = Release;
		};
/* End XCBuildConfiguration section */

/* Begin XCConfigurationList section */
		AB5CA7591D2703E00025C59E /* Build configuration list for PBXProject "CruzyMoviestvOS" */ = {
			isa = XCConfigurationList;
			buildConfigurations = (
				AB5CA7811D2703E00025C59E /* Debug */,
				AB5CA7821D2703E00025C59E /* Release */,
			);
			defaultConfigurationIsVisible = 0;
			defaultConfigurationName = Release;
		};
		AB5CA7831D2703E00025C59E /* Build configuration list for PBXNativeTarget "CruzyMoviestvOS" */ = {
			isa = XCConfigurationList;
			buildConfigurations = (
				AB5CA7841D2703E00025C59E /* Debug */,
				AB5CA7851D2703E00025C59E /* Release */,
			);
			defaultConfigurationIsVisible = 0;
			defaultConfigurationName = Release;
		};
/* End XCConfigurationList section */
	};
	rootObject = AB5CA7561D2703E00025C59E /* Project object */;
}
